
Microsoft Visual Studio Solution File, Format Version 12.00
# Visual Studio 14
VisualStudioVersion = 14.0.25420.1
MinimumVisualStudioVersion = 10.0.40219.1
Project("{FAE04EC0-301F-11D3-BF4B-00C04F79EFBC}") = "Donar", "Donar\Donar.csproj", "{E1821DAB-29D1-4993-B959-FAF94A076962}"
EndProject
Project("{FAE04EC0-301F-11D3-BF4B-00C04F79EFBC}") = "DonarTest", "DonarTest\DonarTest.csproj", "{9B0B33E0-830C-42D9-AD40-3DBEA70241CE}"
EndProject
Project("{FAE04EC0-301F-11D3-BF4B-00C04F79EFBC}") = "DonarDatabase", "DonarDatabase\DonarDatabase.csproj", "{FDF7CC4F-77FE-417B-82F8-4F0F28970D8B}"
EndProject
Global
	GlobalSection(SolutionConfigurationPlatforms) = preSolution
		Debug|Any CPU = Debug|Any CPU
		Release|Any CPU = Release|Any CPU
	EndGlobalSection
	GlobalSection(ProjectConfigurationPlatforms) = postSolution
		{E1821DAB-29D1-4993-B959-FAF94A076962}.Debug|Any CPU.ActiveCfg = Debug|Any CPU
		{E1821DAB-29D1-4993-B959-FAF94A076962}.Debug|Any CPU.Build.0 = Debug|Any CPU
		{E1821DAB-29D1-4993-B959-FAF94A076962}.Release|Any CPU.ActiveCfg = Release|Any CPU
		{E1821DAB-29D1-4993-B959-FAF94A076962}.Release|Any CPU.Build.0 = Release|Any CPU
		{9B0B33E0-830C-42D9-AD40-3DBEA70241CE}.Debug|Any CPU.ActiveCfg = Debug|Any CPU
		{9B0B33E0-830C-42D9-AD40-3DBEA70241CE}.Debug|Any CPU.Build.0 = Debug|Any CPU
		{9B0B33E0-830C-42D9-AD40-3DBEA70241CE}.Release|Any CPU.ActiveCfg = Release|Any CPU
		{9B0B33E0-830C-42D9-AD40-3DBEA70241CE}.Release|Any CPU.Build.0 = Release|Any CPU
		{FDF7CC4F-77FE-417B-82F8-4F0F28970D8B}.Debug|Any CPU.ActiveCfg = Debug|Any CPU
		{FDF7CC4F-77FE-417B-82F8-4F0F28970D8B}.Debug|Any CPU.Build.0 = Debug|Any CPU
		{FDF7CC4F-77FE-417B-82F8-4F0F28970D8B}.Release|Any CPU.ActiveCfg = Release|Any CPU
		{FDF7CC4F-77FE-417B-82F8-4F0F28970D8B}.Release|Any CPU.Build.0 = Release|Any CPU
	EndGlobalSection
	GlobalSection(SolutionProperties) = preSolution
		HideSolutionNode = FALSE
	EndGlobalSection
EndGlobal
